<Solution>
  <Folder Name="/samples/">
    <Project Path="samples/OneId.SampleClient/OneId.SampleClient.csproj" />
  </Folder>
  <Folder Name="/src/">
    <Project Path="src/OneId.Server/OneId.Server.csproj" />
  </Folder>
  <Folder Name="/tests/">
    <Project Path="tests/OneId.Server.IntegrationTests/OneId.Server.IntegrationTests.csproj" />
    <Project Path="tests/OneId.Server.UnitTests/OneId.Server.UnitTests.csproj" />
  </Folder>
</Solution>
